PODS:
  - Flutter (1.0.0)
  - nexora_sdk_ios (3.1.2):
    - Flutter

DEPENDENCIES:
  - Flutter (from `Flutter`)
  - nexora_sdk_ios (from `.symlinks/plugins/nexora_sdk_ios/ios`)

EXTERNAL SOURCES:
  Flutter:
    :path: Flutter
  nexora_sdk_ios:
    :path: ".symlinks/plugins/nexora_sdk_ios/ios"

SPEC CHECKSUMS:
  Flutter: cabc95a1d2626b1b06e7179b784ebcf0c0cde467
  nexora_sdk_ios: a4220bd2b517cd369d0e4d465acff74f50c0b6f6

PODFILE CHECKSUM: 3c63482e143d1b91d2d2560aee9fb04ecc74ac7e

COCOAPODS: 1.16.2
